
Microsoft Visual Studio Solution File, Format Version 12.00
# Visual Studio 14
VisualStudioVersion = 14.0.25420.1
MinimumVisualStudioVersion = 10.0.40219.1
Project("{159641D6-6404-4A2A-AE62-294DE0FE8301}") = "ETL", "ETL\ETL.dtproj", "{00C60D75-454F-4031-BDBC-BBFE325E3BF7}"
EndProject
Global
	GlobalSection(SolutionConfigurationPlatforms) = preSolution
		Development|Default = Development|Default
	EndGlobalSection
	GlobalSection(ProjectConfigurationPlatforms) = postSolution
		{00C60D75-454F-4031-BDBC-BBFE325E3BF7}.Development|Default.ActiveCfg = Development
		{00C60D75-454F-4031-BDBC-BBFE325E3BF7}.Development|Default.Build.0 = Development
		{00C60D75-454F-4031-BDBC-BBFE325E3BF7}.Development|Default.Deploy.0 = Development
	EndGlobalSection
	GlobalSection(SolutionProperties) = preSolution
		HideSolutionNode = FALSE
	EndGlobalSection
EndGlobal
